
Microsoft Visual Studio Solution File, Format Version 12.00
# Visual Studio Version 17
VisualStudioVersion = 17.4.33110.190
MinimumVisualStudioVersion = 10.0.40219.1
Project("{FAE04EC0-301F-11D3-BF4B-00C04F79EFBC}") = "ToyRobotCodingChallenge", "ToyRobotCodingChallenge\ToyRobotCodingChallenge.csproj", "{9C39E8FF-65B5-468E-A39A-1C95DB557E20}"
EndProject
Project("{FAE04EC0-301F-11D3-BF4B-00C04F79EFBC}") = "ToyRobotCodingChallengeTests", "ToyRobotCodingChallengeTests\ToyRobotCodingChallengeTests.csproj", "{425C040C-0696-4E69-BCCD-7738D806C1C1}"
EndProject
Global
	GlobalSection(SolutionConfigurationPlatforms) = preSolution
		Debug|Any CPU = Debug|Any CPU
		Release|Any CPU = Release|Any CPU
	EndGlobalSection
	GlobalSection(ProjectConfigurationPlatforms) = postSolution
		{9C39E8FF-65B5-468E-A39A-1C95DB557E20}.Debug|Any CPU.ActiveCfg = Debug|Any CPU
		{9C39E8FF-65B5-468E-A39A-1C95DB557E20}.Debug|Any CPU.Build.0 = Debug|Any CPU
		{9C39E8FF-65B5-468E-A39A-1C95DB557E20}.Release|Any CPU.ActiveCfg = Release|Any CPU
		{9C39E8FF-65B5-468E-A39A-1C95DB557E20}.Release|Any CPU.Build.0 = Release|Any CPU
		{425C040C-0696-4E69-BCCD-7738D806C1C1}.Debug|Any CPU.ActiveCfg = Debug|Any CPU
		{425C040C-0696-4E69-BCCD-7738D806C1C1}.Debug|Any CPU.Build.0 = Debug|Any CPU
		{425C040C-0696-4E69-BCCD-7738D806C1C1}.Release|Any CPU.ActiveCfg = Release|Any CPU
		{425C040C-0696-4E69-BCCD-7738D806C1C1}.Release|Any CPU.Build.0 = Release|Any CPU
	EndGlobalSection
	GlobalSection(SolutionProperties) = preSolution
		HideSolutionNode = FALSE
	EndGlobalSection
	GlobalSection(ExtensibilityGlobals) = postSolution
		SolutionGuid = {E3EB3FFA-3B1F-4841-8A67-12E1AB183AB0}
	EndGlobalSection
EndGlobal
